# THIS IS AN AUTOGENERATED FILE. DO NOT EDIT THIS FILE DIRECTLY.
# yarn lockfile v1


axios@^0.18.0:
  version "0.18.0"
  resolved "https://registry.yarnpkg.com/axios/-/axios-0.18.0.tgz#32d53e4851efdc0a11993b6cd000789d70c05102"
  dependencies:
    follow-redirects "^1.3.0"
    is-buffer "^1.1.5"

base32.js@~0.1.0:
  version "0.1.0"
  resolved "https://registry.yarnpkg.com/base32.js/-/base32.js-0.1.0.tgz#b582dec693c2f11e893cf064ee6ac5b6131a2202"

bignumber.js@^4.0.0:
  version "4.1.0"
  resolved "https://registry.yarnpkg.com/bignumber.js/-/bignumber.js-4.1.0.tgz#db6f14067c140bd46624815a7916c92d9b6c24b1"

bindings@^1.2.1:
  version "1.3.0"
  resolved "https://registry.yarnpkg.com/bindings/-/bindings-1.3.0.tgz#b346f6ecf6a95f5a815c5839fc7cdb22502f1ed7"

crc@3.5.0:
  version "3.5.0"
  resolved "https://registry.yarnpkg.com/crc/-/crc-3.5.0.tgz#98b8ba7d489665ba3979f59b21381374101a1964"

cursor@^0.1.5:
  version "0.1.5"
  resolved "https://registry.yarnpkg.com/cursor/-/cursor-0.1.5.tgz#ea778c2b09d33c2e564fd92147076750483ebb2c"

debug@^3.1.0:
  version "3.1.0"
  resolved "https://registry.yarnpkg.com/debug/-/debug-3.1.0.tgz#5bb5a0672628b64149566ba16819e61518c67261"
  dependencies:
    ms "2.0.0"

ed25519@0.0.4:
  version "0.0.4"
  resolved "https://registry.yarnpkg.com/ed25519/-/ed25519-0.0.4.tgz#e56218ace2fc903d259593aef0b2a9639f475beb"
  dependencies:
    bindings "^1.2.1"
    nan "^2.0.9"

es6-promise@^4.2.4:
  version "4.2.4"
  resolved "https://registry.yarnpkg.com/es6-promise/-/es6-promise-4.2.4.tgz#dc4221c2b16518760bd8c39a52d8f356fc00ed29"

event-source-polyfill@0.0.12:
  version "0.0.12"
  resolved "https://registry.yarnpkg.com/event-source-polyfill/-/event-source-polyfill-0.0.12.tgz#e539cd67fdef2760a16aa5262fa98134df52e3af"

eventsource@^1.0.5:
  version "1.0.6"
  resolved "https://registry.yarnpkg.com/eventsource/-/eventsource-1.0.6.tgz#5cacde6c686f55135cfbb85c4e90a3b66c46124a"
  dependencies:
    original "^1.0.0"

follow-redirects@^1.3.0:
  version "1.5.7"
  resolved "https://registry.yarnpkg.com/follow-redirects/-/follow-redirects-1.5.7.tgz#a39e4804dacb90202bca76a9e2ac10433ca6a69a"
  dependencies:
    debug "^3.1.0"

inherits@^2.0.1:
  version "2.0.3"
  resolved "https://registry.yarnpkg.com/inherits/-/inherits-2.0.3.tgz#633c2c83e3da42a502f52466022480f4208261de"

is-buffer@^1.1.5:
  version "1.1.6"
  resolved "https://registry.yarnpkg.com/is-buffer/-/is-buffer-1.1.6.tgz#efaa2ea9daa0d7ab2ea13a97b2b8ad51fefbe8be"

js-xdr@^1.0.4:
  version "1.0.4"
  resolved "https://registry.yarnpkg.com/js-xdr/-/js-xdr-1.0.4.tgz#a76e292ec3053f190dcd1dae9215274aae6a138d"
  dependencies:
    cursor "^0.1.5"
    lodash "^4.17.5"
    long "^2.2.3"

lodash@^4.17.10, lodash@^4.17.5:
  version "4.17.10"
  resolved "https://registry.yarnpkg.com/lodash/-/lodash-4.17.10.tgz#1b7793cf7259ea38fb3661d4d38b3260af8ae4e7"

long@^2.2.3:
  version "2.4.0"
  resolved "https://registry.yarnpkg.com/long/-/long-2.4.0.tgz#9fa180bb1d9500cdc29c4156766a1995e1f4524f"

ms@2.0.0:
  version "2.0.0"
  resolved "https://registry.yarnpkg.com/ms/-/ms-2.0.0.tgz#5608aeadfc00be6c2901df5f9861788de0d597c8"

mute-stream@~0.0.4:
  version "0.0.7"
  resolved "https://registry.yarnpkg.com/mute-stream/-/mute-stream-0.0.7.tgz#3075ce93bc21b8fab43e1bc4da7e8115ed1e7bab"

nan@^2.0.8, nan@^2.0.9:
  version "2.11.0"
  resolved "https://registry.yarnpkg.com/nan/-/nan-2.11.0.tgz#574e360e4d954ab16966ec102c0c049fd961a099"

original@^1.0.0:
  version "1.0.2"
  resolved "https://registry.yarnpkg.com/original/-/original-1.0.2.tgz#e442a61cffe1c5fd20a65f3261c26663b303f25f"
  dependencies:
    url-parse "^1.4.3"

querystringify@^2.0.0:
  version "2.0.0"
  resolved "https://registry.yarnpkg.com/querystringify/-/querystringify-2.0.0.tgz#fa3ed6e68eb15159457c89b37bc6472833195755"

read@^1.0.7:
  version "1.0.7"
  resolved "https://registry.yarnpkg.com/read/-/read-1.0.7.tgz#b3da19bd052431a97671d44a42634adf710b40c4"
  dependencies:
    mute-stream "~0.0.4"

requires-port@^1.0.0:
  version "1.0.0"
  resolved "https://registry.yarnpkg.com/requires-port/-/requires-port-1.0.0.tgz#925d2601d39ac485e091cf0da5c6e694dc3dcaff"

safe-buffer@^5.0.1:
  version "5.1.2"
  resolved "https://registry.yarnpkg.com/safe-buffer/-/safe-buffer-5.1.2.tgz#991ec69d296e0313747d59bdfd2b745c35f8828d"

scrypt@^6.0.3:
  version "6.0.3"
  resolved "https://registry.yarnpkg.com/scrypt/-/scrypt-6.0.3.tgz#04e014a5682b53fa50c2d5cce167d719c06d870d"
  dependencies:
    nan "^2.0.8"

sha.js@^2.3.6:
  version "2.4.11"
  resolved "https://registry.yarnpkg.com/sha.js/-/sha.js-2.4.11.tgz#37a5cf0b81ecbc6943de109ba2960d1b26584ae7"
  dependencies:
    inherits "^2.0.1"
    safe-buffer "^5.0.1"

stellar-base@^0.8.3:
  version "0.8.3"
  resolved "https://registry.yarnpkg.com/stellar-base/-/stellar-base-0.8.3.tgz#0403a538fdb5e7e247bb23e64eeabfa754323f72"
  dependencies:
    base32.js "~0.1.0"
    bignumber.js "^4.0.0"
    crc "3.5.0"
    js-xdr "^1.0.4"
    lodash "^4.17.10"
    sha.js "^2.3.6"
    tweetnacl "^1.0.0"
  optionalDependencies:
    ed25519 "0.0.4"

stellar-sdk@^0.10.3:
  version "0.10.3"
  resolved "https://registry.yarnpkg.com/stellar-sdk/-/stellar-sdk-0.10.3.tgz#91ce5eba56bcde69f398dd95df63a137e2aea74c"
  dependencies:
    axios "^0.18.0"
    es6-promise "^4.2.4"
    event-source-polyfill "0.0.12"
    eventsource "^1.0.5"
    lodash "^4.17.10"
    stellar-base "^0.8.3"
    toml "^2.3.0"
    urijs "1.19.1"

toml@^2.3.0:
  version "2.3.3"
  resolved "https://registry.yarnpkg.com/toml/-/toml-2.3.3.tgz#8d683d729577cb286231dfc7a8affe58d31728fb"

tweetnacl-util@^0.15.0:
  version "0.15.0"
  resolved "https://registry.yarnpkg.com/tweetnacl-util/-/tweetnacl-util-0.15.0.tgz#4576c1cee5e2d63d207fee52f1ba02819480bc75"

tweetnacl@^1.0.0:
  version "1.0.0"
  resolved "https://registry.yarnpkg.com/tweetnacl/-/tweetnacl-1.0.0.tgz#713d8b818da42068740bf68386d0479e66fc8a7b"

urijs@1.19.1:
  version "1.19.1"
  resolved "https://registry.yarnpkg.com/urijs/-/urijs-1.19.1.tgz#5b0ff530c0cbde8386f6342235ba5ca6e995d25a"

url-parse@^1.4.3:
  version "1.4.3"
  resolved "https://registry.yarnpkg.com/url-parse/-/url-parse-1.4.3.tgz#bfaee455c889023219d757e045fa6a684ec36c15"
  dependencies:
    querystringify "^2.0.0"
    requires-port "^1.0.0"
